
Microsoft Visual Studio Solution File, Format Version 12.00
# Visual Studio Version 17
VisualStudioVersion = 17.2.32516.85
MinimumVisualStudioVersion = 10.0.40219.1
Project("{FAE04EC0-301F-11D3-BF4B-00C04F79EFBC}") = "IBA Alumni", "IBA Alumni\IBA Alumni.csproj", "{5FAC3966-7ECE-4B54-B7C6-FAFA9FE57645}"
EndProject
Global
	GlobalSection(SolutionConfigurationPlatforms) = preSolution
		Debug|Any CPU = Debug|Any CPU
		Release|Any CPU = Release|Any CPU
	EndGlobalSection
	GlobalSection(ProjectConfigurationPlatforms) = postSolution
		{5FAC3966-7ECE-4B54-B7C6-FAFA9FE57645}.Debug|Any CPU.ActiveCfg = Debug|Any CPU
		{5FAC3966-7ECE-4B54-B7C6-FAFA9FE57645}.Debug|Any CPU.Build.0 = Debug|Any CPU
		{5FAC3966-7ECE-4B54-B7C6-FAFA9FE57645}.Release|Any CPU.ActiveCfg = Release|Any CPU
		{5FAC3966-7ECE-4B54-B7C6-FAFA9FE57645}.Release|Any CPU.Build.0 = Release|Any CPU
	EndGlobalSection
	GlobalSection(SolutionProperties) = preSolution
		HideSolutionNode = FALSE
	EndGlobalSection
	GlobalSection(ExtensibilityGlobals) = postSolution
		SolutionGuid = {C1414652-E3C0-4AC2-84D3-DE30D5081515}
	EndGlobalSection
EndGlobal
